
Microsoft Visual Studio Solution File, Format Version 12.00
# Visual Studio 15
VisualStudioVersion = 15.0.26730.12
MinimumVisualStudioVersion = 10.0.40219.1
Project("{FAE04EC0-301F-11D3-BF4B-00C04F79EFBC}") = "AutomationFrame", "AutomationFrame\AutomationFrame.csproj", "{93847DAF-116C-41EE-B827-D6F56F1ABCD8}"
EndProject
Project("{FAE04EC0-301F-11D3-BF4B-00C04F79EFBC}") = "TestCases", "TestCases\TestCases.csproj", "{D1382AB6-C146-4B50-BBB7-BD4521920A7B}"
EndProject
Global
	GlobalSection(SolutionConfigurationPlatforms) = preSolution
		Debug|Any CPU = Debug|Any CPU
		Release|Any CPU = Release|Any CPU
	EndGlobalSection
	GlobalSection(ProjectConfigurationPlatforms) = postSolution
		{93847DAF-116C-41EE-B827-D6F56F1ABCD8}.Debug|Any CPU.ActiveCfg = Debug|Any CPU
		{93847DAF-116C-41EE-B827-D6F56F1ABCD8}.Debug|Any CPU.Build.0 = Debug|Any CPU
		{93847DAF-116C-41EE-B827-D6F56F1ABCD8}.Release|Any CPU.ActiveCfg = Release|Any CPU
		{93847DAF-116C-41EE-B827-D6F56F1ABCD8}.Release|Any CPU.Build.0 = Release|Any CPU
		{D1382AB6-C146-4B50-BBB7-BD4521920A7B}.Debug|Any CPU.ActiveCfg = Debug|Any CPU
		{D1382AB6-C146-4B50-BBB7-BD4521920A7B}.Debug|Any CPU.Build.0 = Debug|Any CPU
		{D1382AB6-C146-4B50-BBB7-BD4521920A7B}.Release|Any CPU.ActiveCfg = Release|Any CPU
		{D1382AB6-C146-4B50-BBB7-BD4521920A7B}.Release|Any CPU.Build.0 = Release|Any CPU
	EndGlobalSection
	GlobalSection(SolutionProperties) = preSolution
		HideSolutionNode = FALSE
	EndGlobalSection
	GlobalSection(ExtensibilityGlobals) = postSolution
		SolutionGuid = {3B31DF3C-F9CB-4D8B-86CA-ABB554BE7D47}
	EndGlobalSection
EndGlobal
